
Microsoft Visual Studio Solution File, Format Version 11.00
# Visual Studio 2010
Project("{FAE04EC0-301F-11D3-BF4B-00C04F79EFBC}") = "comms", "comms\comms.csproj", "{393D6AD3-4144-412A-AFB1-99885C310693}"
EndProject
Project("{FAE04EC0-301F-11D3-BF4B-00C04F79EFBC}") = "client", "client\client.csproj", "{F35F09E1-F754-4333-9066-FFE8A34AE980}"
EndProject
Project("{FAE04EC0-301F-11D3-BF4B-00C04F79EFBC}") = "server", "server\server.csproj", "{16A5E4B2-BBFE-4F40-BD21-BA197DFD0316}"
EndProject
Project("{FAE04EC0-301F-11D3-BF4B-00C04F79EFBC}") = "utils", "utils\utils.csproj", "{145B49F9-5625-45E3-9080-46A016AA87A2}"
EndProject
Global
	GlobalSection(SolutionConfigurationPlatforms) = preSolution
		Debug|Any CPU = Debug|Any CPU
		Release|Any CPU = Release|Any CPU
	EndGlobalSection
	GlobalSection(ProjectConfigurationPlatforms) = postSolution
		{145B49F9-5625-45E3-9080-46A016AA87A2}.Debug|Any CPU.ActiveCfg = Debug|Any CPU
		{145B49F9-5625-45E3-9080-46A016AA87A2}.Debug|Any CPU.Build.0 = Debug|Any CPU
		{145B49F9-5625-45E3-9080-46A016AA87A2}.Release|Any CPU.ActiveCfg = Release|Any CPU
		{145B49F9-5625-45E3-9080-46A016AA87A2}.Release|Any CPU.Build.0 = Release|Any CPU
		{16A5E4B2-BBFE-4F40-BD21-BA197DFD0316}.Debug|Any CPU.ActiveCfg = Debug|Any CPU
		{16A5E4B2-BBFE-4F40-BD21-BA197DFD0316}.Debug|Any CPU.Build.0 = Debug|Any CPU
		{16A5E4B2-BBFE-4F40-BD21-BA197DFD0316}.Release|Any CPU.ActiveCfg = Release|Any CPU
		{16A5E4B2-BBFE-4F40-BD21-BA197DFD0316}.Release|Any CPU.Build.0 = Release|Any CPU
		{393D6AD3-4144-412A-AFB1-99885C310693}.Debug|Any CPU.ActiveCfg = Debug|Any CPU
		{393D6AD3-4144-412A-AFB1-99885C310693}.Debug|Any CPU.Build.0 = Debug|Any CPU
		{393D6AD3-4144-412A-AFB1-99885C310693}.Release|Any CPU.ActiveCfg = Release|Any CPU
		{393D6AD3-4144-412A-AFB1-99885C310693}.Release|Any CPU.Build.0 = Release|Any CPU
		{F35F09E1-F754-4333-9066-FFE8A34AE980}.Debug|Any CPU.ActiveCfg = Debug|Any CPU
		{F35F09E1-F754-4333-9066-FFE8A34AE980}.Debug|Any CPU.Build.0 = Debug|Any CPU
		{F35F09E1-F754-4333-9066-FFE8A34AE980}.Release|Any CPU.ActiveCfg = Release|Any CPU
		{F35F09E1-F754-4333-9066-FFE8A34AE980}.Release|Any CPU.Build.0 = Release|Any CPU
	EndGlobalSection
	GlobalSection(MonoDevelopProperties) = preSolution
		StartupItem = client\client.csproj
		Policies = $0
		$0.DotNetNamingPolicy = $1
		$1.DirectoryNamespaceAssociation = None
		$1.ResourceNamePolicy = FileFormatDefault
		$0.TextStylePolicy = $2
		$2.inheritsSet = null
		$2.scope = text/x-csharp
		$0.CSharpFormattingPolicy = $3
		$3.inheritsSet = Mono
		$3.inheritsScope = text/x-csharp
		$3.scope = text/x-csharp
		$0.TextStylePolicy = $4
		$4.FileWidth = 120
		$4.inheritsSet = VisualStudio
		$4.inheritsScope = text/plain
		$4.scope = text/plain
		version = 0.11
	EndGlobalSection
EndGlobal
